
Microsoft Visual Studio Solution File, Format Version 12.00
# Visual Studio Version 17
VisualStudioVersion = 17.4.33103.184
MinimumVisualStudioVersion = 10.0.40219.1
Project("{9A19103F-16F7-4668-BE54-9A1E7A4F7556}") = "MainAppn.Domain", "src\MainAppn.Domain\MainAppn.Domain.csproj", "{554AD327-6DBA-4F8F-96F8-81CE7A0C863F}"
EndProject
Project("{9A19103F-16F7-4668-BE54-9A1E7A4F7556}") = "ModuleB.TestBase", "modules\ModuleB\test\ModuleB.TestBase\ModuleB.TestBase.csproj", "{41fa72b3-57be-4773-9fca-11c024762923}"
EndProject
Project("{9A19103F-16F7-4668-BE54-9A1E7A4F7556}") = "ModuleB.HttpApi.Client.ConsoleTestApp", "modules\ModuleB\test\ModuleB.HttpApi.Client.ConsoleTestApp\ModuleB.HttpApi.Client.ConsoleTestApp.csproj", "{95631504-1ff0-4f39-853c-bc376988169e}"
EndProject
Project("{9A19103F-16F7-4668-BE54-9A1E7A4F7556}") = "ModuleB.EntityFrameworkCore.Tests", "modules\ModuleB\test\ModuleB.EntityFrameworkCore.Tests\ModuleB.EntityFrameworkCore.Tests.csproj", "{d2e40188-6839-4bc8-a823-70e442d3a432}"
EndProject
Project("{9A19103F-16F7-4668-BE54-9A1E7A4F7556}") = "ModuleB.Domain.Tests", "modules\ModuleB\test\ModuleB.Domain.Tests\ModuleB.Domain.Tests.csproj", "{6d2c3c21-d3ad-44bf-8fa2-83e99cbad504}"
EndProject
Project("{9A19103F-16F7-4668-BE54-9A1E7A4F7556}") = "ModuleB.Application.Tests", "modules\ModuleB\test\ModuleB.Application.Tests\ModuleB.Application.Tests.csproj", "{861fb42d-a9f2-4c76-b502-d506f55908a5}"
EndProject
Project("{9A19103F-16F7-4668-BE54-9A1E7A4F7556}") = "ModuleB.Web", "modules\ModuleB\src\ModuleB.Web\ModuleB.Web.csproj", "{5521c48f-98c7-4a44-b535-d66033f6007d}"
EndProject
Project("{9A19103F-16F7-4668-BE54-9A1E7A4F7556}") = "ModuleB.Installer", "modules\ModuleB\src\ModuleB.Installer\ModuleB.Installer.csproj", "{b890f0b5-5d1a-4b2d-85bb-fdbbfc1c3d2b}"
EndProject
Project("{9A19103F-16F7-4668-BE54-9A1E7A4F7556}") = "ModuleB.HttpApi.Client", "modules\ModuleB\src\ModuleB.HttpApi.Client\ModuleB.HttpApi.Client.csproj", "{a7a8ce96-c52d-4350-8b8a-abd9321804b9}"
EndProject
Project("{9A19103F-16F7-4668-BE54-9A1E7A4F7556}") = "ModuleB.HttpApi", "modules\ModuleB\src\ModuleB.HttpApi\ModuleB.HttpApi.csproj", "{da840f8b-d415-48d6-83b6-dacfd959984c}"
EndProject
Project("{9A19103F-16F7-4668-BE54-9A1E7A4F7556}") = "ModuleB.EntityFrameworkCore", "modules\ModuleB\src\ModuleB.EntityFrameworkCore\ModuleB.EntityFrameworkCore.csproj", "{a1502545-4d9a-478e-85d1-ca67a57f53a8}"
EndProject
Project("{9A19103F-16F7-4668-BE54-9A1E7A4F7556}") = "ModuleB.Domain.Shared", "modules\ModuleB\src\ModuleB.Domain.Shared\ModuleB.Domain.Shared.csproj", "{2c68207f-1b35-40ad-bda7-aed7bc8198b4}"
EndProject
Project("{9A19103F-16F7-4668-BE54-9A1E7A4F7556}") = "ModuleB.Domain", "modules\ModuleB\src\ModuleB.Domain\ModuleB.Domain.csproj", "{89537631-2918-4ba4-a699-683a2ddd6ec8}"
EndProject
Project("{9A19103F-16F7-4668-BE54-9A1E7A4F7556}") = "ModuleB.Application.Contracts", "modules\ModuleB\src\ModuleB.Application.Contracts\ModuleB.Application.Contracts.csproj", "{bc1b381c-1a28-4439-a9ab-4c99a48709de}"
EndProject
Project("{9A19103F-16F7-4668-BE54-9A1E7A4F7556}") = "ModuleB.Application", "modules\ModuleB\src\ModuleB.Application\ModuleB.Application.csproj", "{ae5f83bd-bf6b-4543-8047-bf70b1b26a97}"
EndProject
Project("{2150E333-8FDC-42A3-9474-1A3956D46DE8}") = "ModuleB.Tests", "ModuleB.Tests", "{202da66c-5458-43d1-81d8-7fa868e55a5f}"
EndProject
Project("{2150E333-8FDC-42A3-9474-1A3956D46DE8}") = "ModuleB", "ModuleB", "{c6b336ae-e6e9-4bec-802e-ad347d0f5753}"
EndProject
Project("{9A19103F-16F7-4668-BE54-9A1E7A4F7556}") = "ModuleA.TestBase", "modules\ModuleA\test\ModuleA.TestBase\ModuleA.TestBase.csproj", "{FA6D47F5-B257-4AA9-B290-7F1871B09CF8}"
EndProject
Project("{9A19103F-16F7-4668-BE54-9A1E7A4F7556}") = "ModuleA.HttpApi.Client.ConsoleTestApp", "modules\ModuleA\test\ModuleA.HttpApi.Client.ConsoleTestApp\ModuleA.HttpApi.Client.ConsoleTestApp.csproj", "{308A510E-83C5-4F9B-9A42-454DD0EA47AE}"
EndProject
Project("{9A19103F-16F7-4668-BE54-9A1E7A4F7556}") = "ModuleA.EntityFrameworkCore.Tests", "modules\ModuleA\test\ModuleA.EntityFrameworkCore.Tests\ModuleA.EntityFrameworkCore.Tests.csproj", "{E74BFA82-C9EA-45DD-AC0E-EA498EF68CF7}"
EndProject
Project("{9A19103F-16F7-4668-BE54-9A1E7A4F7556}") = "ModuleA.Domain.Tests", "modules\ModuleA\test\ModuleA.Domain.Tests\ModuleA.Domain.Tests.csproj", "{BDD60266-8E1A-47F1-ABC7-7113A299883D}"
EndProject
Project("{9A19103F-16F7-4668-BE54-9A1E7A4F7556}") = "ModuleA.Application.Tests", "modules\ModuleA\test\ModuleA.Application.Tests\ModuleA.Application.Tests.csproj", "{BF6E9E4E-CFA9-4783-9071-120FCFCAAFA6}"
EndProject
Project("{9A19103F-16F7-4668-BE54-9A1E7A4F7556}") = "ModuleA.Web", "modules\ModuleA\src\ModuleA.Web\ModuleA.Web.csproj", "{AB869DFE-1089-47A4-852C-FABD67CD6001}"
EndProject
Project("{9A19103F-16F7-4668-BE54-9A1E7A4F7556}") = "ModuleA.Installer", "modules\ModuleA\src\ModuleA.Installer\ModuleA.Installer.csproj", "{B0338174-216C-487F-96BD-68294BD1DEFA}"
EndProject
Project("{9A19103F-16F7-4668-BE54-9A1E7A4F7556}") = "ModuleA.HttpApi.Client", "modules\ModuleA\src\ModuleA.HttpApi.Client\ModuleA.HttpApi.Client.csproj", "{5933A310-6908-43DD-B9CC-4F3B353F4491}"
EndProject
Project("{9A19103F-16F7-4668-BE54-9A1E7A4F7556}") = "ModuleA.HttpApi", "modules\ModuleA\src\ModuleA.HttpApi\ModuleA.HttpApi.csproj", "{E728A14D-560D-4BA3-A773-B5876C2CE10D}"
EndProject
Project("{9A19103F-16F7-4668-BE54-9A1E7A4F7556}") = "ModuleA.EntityFrameworkCore", "modules\ModuleA\src\ModuleA.EntityFrameworkCore\ModuleA.EntityFrameworkCore.csproj", "{52887E8F-EE87-45C9-BF09-564D92A71A3F}"
EndProject
Project("{9A19103F-16F7-4668-BE54-9A1E7A4F7556}") = "ModuleA.Domain.Shared", "modules\ModuleA\src\ModuleA.Domain.Shared\ModuleA.Domain.Shared.csproj", "{F4945C5D-C813-48AF-A623-B786B1C861BE}"
EndProject
Project("{9A19103F-16F7-4668-BE54-9A1E7A4F7556}") = "ModuleA.Domain", "modules\ModuleA\src\ModuleA.Domain\ModuleA.Domain.csproj", "{CF9B9112-EF00-4ABA-8A93-90DC21B8C8CB}"
EndProject
Project("{9A19103F-16F7-4668-BE54-9A1E7A4F7556}") = "ModuleA.Application.Contracts", "modules\ModuleA\src\ModuleA.Application.Contracts\ModuleA.Application.Contracts.csproj", "{8B123EA4-A120-4ADA-8361-D5AD570B6014}"
EndProject
Project("{9A19103F-16F7-4668-BE54-9A1E7A4F7556}") = "ModuleA.Application", "modules\ModuleA\src\ModuleA.Application\ModuleA.Application.csproj", "{0885F288-9935-4950-9BE3-FFC82A80740A}"
EndProject
Project("{2150E333-8FDC-42A3-9474-1A3956D46DE8}") = "ModuleA.Tests", "ModuleA.Tests", "{134B0453-DCDA-448C-8E77-47403A17CC64}"
EndProject
Project("{2150E333-8FDC-42A3-9474-1A3956D46DE8}") = "ModuleA", "ModuleA", "{3A8D3758-A1A0-49C5-B665-5786B609849B}"
EndProject
Project("{2150E333-8FDC-42A3-9474-1A3956D46DE8}") = "modules", "modules", "{9CE86963-9AEE-48D0-8034-0BE7F50548E7}"
EndProject
Project("{9A19103F-16F7-4668-BE54-9A1E7A4F7556}") = "MainAppn.Application", "src\MainAppn.Application\MainAppn.Application.csproj", "{1A94A50E-06DC-43C1-80B5-B662820EC3EB}"
EndProject
Project("{9A19103F-16F7-4668-BE54-9A1E7A4F7556}") = "MainAppn.EntityFrameworkCore", "src\MainAppn.EntityFrameworkCore\MainAppn.EntityFrameworkCore.csproj", "{C956DD76-69C8-4A9C-83EA-D17DF83340FD}"
EndProject
Project("{9A19103F-16F7-4668-BE54-9A1E7A4F7556}") = "MainAppn.Web", "src\MainAppn.Web\MainAppn.Web.csproj", "{068855E8-9240-4F1A-910B-CF825794513B}"
EndProject
Project("{2150E333-8FDC-42A3-9474-1A3956D46DE8}") = "src", "src", "{CA9AC87F-097E-4F15-8393-4BC07735A5B0}"
EndProject
Project("{2150E333-8FDC-42A3-9474-1A3956D46DE8}") = "test", "test", "{04DBDB01-70F4-4E06-B468-8F87850B22BE}"
EndProject
Project("{9A19103F-16F7-4668-BE54-9A1E7A4F7556}") = "MainAppn.Application.Tests", "test\MainAppn.Application.Tests\MainAppn.Application.Tests.csproj", "{50B2631D-129C-47B3-A587-029CCD6099BC}"
EndProject
Project("{9A19103F-16F7-4668-BE54-9A1E7A4F7556}") = "MainAppn.Web.Tests", "test\MainAppn.Web.Tests\MainAppn.Web.Tests.csproj", "{5F1B28C6-8D0C-4155-92D0-252F7EA5F674}"
EndProject
Project("{9A19103F-16F7-4668-BE54-9A1E7A4F7556}") = "MainAppn.Domain.Shared", "src\MainAppn.Domain.Shared\MainAppn.Domain.Shared.csproj", "{42F719ED-8413-4895-B5B4-5AB56079BC66}"
EndProject
Project("{9A19103F-16F7-4668-BE54-9A1E7A4F7556}") = "MainAppn.Application.Contracts", "src\MainAppn.Application.Contracts\MainAppn.Application.Contracts.csproj", "{520659C8-C734-4298-A3DA-B539DB9DFC0B}"
EndProject
Project("{9A19103F-16F7-4668-BE54-9A1E7A4F7556}") = "MainAppn.HttpApi", "src\MainAppn.HttpApi\MainAppn.HttpApi.csproj", "{4164BDF7-F527-4E85-9CE6-E3C2D7426A27}"
EndProject
Project("{9A19103F-16F7-4668-BE54-9A1E7A4F7556}") = "MainAppn.HttpApi.Client", "src\MainAppn.HttpApi.Client\MainAppn.HttpApi.Client.csproj", "{3B5A0094-670D-4BB1-BFDD-61B88A8773DC}"
EndProject
Project("{9A19103F-16F7-4668-BE54-9A1E7A4F7556}") = "MainAppn.EntityFrameworkCore.Tests", "test\MainAppn.EntityFrameworkCore.Tests\MainAppn.EntityFrameworkCore.Tests.csproj", "{1FE30EB9-74A9-47F5-A9F6-7B1FAB672D81}"
EndProject
Project("{9A19103F-16F7-4668-BE54-9A1E7A4F7556}") = "MainAppn.TestBase", "test\MainAppn.TestBase\MainAppn.TestBase.csproj", "{91853F21-9CD9-4132-BC29-A7D5D84FFFE7}"
EndProject
Project("{9A19103F-16F7-4668-BE54-9A1E7A4F7556}") = "MainAppn.Domain.Tests", "test\MainAppn.Domain.Tests\MainAppn.Domain.Tests.csproj", "{E512F4D9-9375-480F-A2F6-A46509F9D824}"
EndProject
Project("{9A19103F-16F7-4668-BE54-9A1E7A4F7556}") = "MainAppn.HttpApi.Client.ConsoleTestApp", "test\MainAppn.HttpApi.Client.ConsoleTestApp\MainAppn.HttpApi.Client.ConsoleTestApp.csproj", "{EF480016-9127-4916-8735-D2466BDBC582}"
EndProject
Project("{9A19103F-16F7-4668-BE54-9A1E7A4F7556}") = "MainAppn.DbMigrator", "src\MainAppn.DbMigrator\MainAppn.DbMigrator.csproj", "{AA94D832-1CCC-4715-95A9-A483F23A1A5D}"
EndProject
Global
	GlobalSection(SolutionConfigurationPlatforms) = preSolution
		Debug|Any CPU = Debug|Any CPU
		Release|Any CPU = Release|Any CPU
	EndGlobalSection
	GlobalSection(ProjectConfigurationPlatforms) = postSolution
		{41fa72b3-57be-4773-9fca-11c024762923}.Debug|Any CPU.ActiveCfg = Debug|Any CPU
		{41fa72b3-57be-4773-9fca-11c024762923}.Debug|Any CPU.Build.0 = Debug|Any CPU
		{41fa72b3-57be-4773-9fca-11c024762923}.Release|Any CPU.ActiveCfg = Release|Any CPU
		{41fa72b3-57be-4773-9fca-11c024762923}.Release|Any CPU.Build.0 = Release|Any CPU
		{95631504-1ff0-4f39-853c-bc376988169e}.Debug|Any CPU.ActiveCfg = Debug|Any CPU
		{95631504-1ff0-4f39-853c-bc376988169e}.Debug|Any CPU.Build.0 = Debug|Any CPU
		{95631504-1ff0-4f39-853c-bc376988169e}.Release|Any CPU.ActiveCfg = Release|Any CPU
		{95631504-1ff0-4f39-853c-bc376988169e}.Release|Any CPU.Build.0 = Release|Any CPU
		{d2e40188-6839-4bc8-a823-70e442d3a432}.Debug|Any CPU.ActiveCfg = Debug|Any CPU
		{d2e40188-6839-4bc8-a823-70e442d3a432}.Debug|Any CPU.Build.0 = Debug|Any CPU
		{d2e40188-6839-4bc8-a823-70e442d3a432}.Release|Any CPU.ActiveCfg = Release|Any CPU
		{d2e40188-6839-4bc8-a823-70e442d3a432}.Release|Any CPU.Build.0 = Release|Any CPU
		{6d2c3c21-d3ad-44bf-8fa2-83e99cbad504}.Debug|Any CPU.ActiveCfg = Debug|Any CPU
		{6d2c3c21-d3ad-44bf-8fa2-83e99cbad504}.Debug|Any CPU.Build.0 = Debug|Any CPU
		{6d2c3c21-d3ad-44bf-8fa2-83e99cbad504}.Release|Any CPU.ActiveCfg = Release|Any CPU
		{6d2c3c21-d3ad-44bf-8fa2-83e99cbad504}.Release|Any CPU.Build.0 = Release|Any CPU
		{861fb42d-a9f2-4c76-b502-d506f55908a5}.Debug|Any CPU.ActiveCfg = Debug|Any CPU
		{861fb42d-a9f2-4c76-b502-d506f55908a5}.Debug|Any CPU.Build.0 = Debug|Any CPU
		{861fb42d-a9f2-4c76-b502-d506f55908a5}.Release|Any CPU.ActiveCfg = Release|Any CPU
		{861fb42d-a9f2-4c76-b502-d506f55908a5}.Release|Any CPU.Build.0 = Release|Any CPU
		{5521c48f-98c7-4a44-b535-d66033f6007d}.Debug|Any CPU.ActiveCfg = Debug|Any CPU
		{5521c48f-98c7-4a44-b535-d66033f6007d}.Debug|Any CPU.Build.0 = Debug|Any CPU
		{5521c48f-98c7-4a44-b535-d66033f6007d}.Release|Any CPU.ActiveCfg = Release|Any CPU
		{5521c48f-98c7-4a44-b535-d66033f6007d}.Release|Any CPU.Build.0 = Release|Any CPU
		{b890f0b5-5d1a-4b2d-85bb-fdbbfc1c3d2b}.Debug|Any CPU.ActiveCfg = Debug|Any CPU
		{b890f0b5-5d1a-4b2d-85bb-fdbbfc1c3d2b}.Debug|Any CPU.Build.0 = Debug|Any CPU
		{b890f0b5-5d1a-4b2d-85bb-fdbbfc1c3d2b}.Release|Any CPU.ActiveCfg = Release|Any CPU
		{b890f0b5-5d1a-4b2d-85bb-fdbbfc1c3d2b}.Release|Any CPU.Build.0 = Release|Any CPU
		{a7a8ce96-c52d-4350-8b8a-abd9321804b9}.Debug|Any CPU.ActiveCfg = Debug|Any CPU
		{a7a8ce96-c52d-4350-8b8a-abd9321804b9}.Debug|Any CPU.Build.0 = Debug|Any CPU
		{a7a8ce96-c52d-4350-8b8a-abd9321804b9}.Release|Any CPU.ActiveCfg = Release|Any CPU
		{a7a8ce96-c52d-4350-8b8a-abd9321804b9}.Release|Any CPU.Build.0 = Release|Any CPU
		{da840f8b-d415-48d6-83b6-dacfd959984c}.Debug|Any CPU.ActiveCfg = Debug|Any CPU
		{da840f8b-d415-48d6-83b6-dacfd959984c}.Debug|Any CPU.Build.0 = Debug|Any CPU
		{da840f8b-d415-48d6-83b6-dacfd959984c}.Release|Any CPU.ActiveCfg = Release|Any CPU
		{da840f8b-d415-48d6-83b6-dacfd959984c}.Release|Any CPU.Build.0 = Release|Any CPU
		{a1502545-4d9a-478e-85d1-ca67a57f53a8}.Debug|Any CPU.ActiveCfg = Debug|Any CPU
		{a1502545-4d9a-478e-85d1-ca67a57f53a8}.Debug|Any CPU.Build.0 = Debug|Any CPU
		{a1502545-4d9a-478e-85d1-ca67a57f53a8}.Release|Any CPU.ActiveCfg = Release|Any CPU
		{a1502545-4d9a-478e-85d1-ca67a57f53a8}.Release|Any CPU.Build.0 = Release|Any CPU
		{2c68207f-1b35-40ad-bda7-aed7bc8198b4}.Debug|Any CPU.ActiveCfg = Debug|Any CPU
		{2c68207f-1b35-40ad-bda7-aed7bc8198b4}.Debug|Any CPU.Build.0 = Debug|Any CPU
		{2c68207f-1b35-40ad-bda7-aed7bc8198b4}.Release|Any CPU.ActiveCfg = Release|Any CPU
		{2c68207f-1b35-40ad-bda7-aed7bc8198b4}.Release|Any CPU.Build.0 = Release|Any CPU
		{89537631-2918-4ba4-a699-683a2ddd6ec8}.Debug|Any CPU.ActiveCfg = Debug|Any CPU
		{89537631-2918-4ba4-a699-683a2ddd6ec8}.Debug|Any CPU.Build.0 = Debug|Any CPU
		{89537631-2918-4ba4-a699-683a2ddd6ec8}.Release|Any CPU.ActiveCfg = Release|Any CPU
		{89537631-2918-4ba4-a699-683a2ddd6ec8}.Release|Any CPU.Build.0 = Release|Any CPU
		{bc1b381c-1a28-4439-a9ab-4c99a48709de}.Debug|Any CPU.ActiveCfg = Debug|Any CPU
		{bc1b381c-1a28-4439-a9ab-4c99a48709de}.Debug|Any CPU.Build.0 = Debug|Any CPU
		{bc1b381c-1a28-4439-a9ab-4c99a48709de}.Release|Any CPU.ActiveCfg = Release|Any CPU
		{bc1b381c-1a28-4439-a9ab-4c99a48709de}.Release|Any CPU.Build.0 = Release|Any CPU
		{ae5f83bd-bf6b-4543-8047-bf70b1b26a97}.Debug|Any CPU.ActiveCfg = Debug|Any CPU
		{ae5f83bd-bf6b-4543-8047-bf70b1b26a97}.Debug|Any CPU.Build.0 = Debug|Any CPU
		{ae5f83bd-bf6b-4543-8047-bf70b1b26a97}.Release|Any CPU.ActiveCfg = Release|Any CPU
		{ae5f83bd-bf6b-4543-8047-bf70b1b26a97}.Release|Any CPU.Build.0 = Release|Any CPU
		{554AD327-6DBA-4F8F-96F8-81CE7A0C863F}.Debug|Any CPU.ActiveCfg = Debug|Any CPU
		{554AD327-6DBA-4F8F-96F8-81CE7A0C863F}.Debug|Any CPU.Build.0 = Debug|Any CPU
		{554AD327-6DBA-4F8F-96F8-81CE7A0C863F}.Release|Any CPU.ActiveCfg = Release|Any CPU
		{554AD327-6DBA-4F8F-96F8-81CE7A0C863F}.Release|Any CPU.Build.0 = Release|Any CPU
		{FA6D47F5-B257-4AA9-B290-7F1871B09CF8}.Debug|Any CPU.ActiveCfg = Debug|Any CPU
		{FA6D47F5-B257-4AA9-B290-7F1871B09CF8}.Debug|Any CPU.Build.0 = Debug|Any CPU
		{FA6D47F5-B257-4AA9-B290-7F1871B09CF8}.Release|Any CPU.ActiveCfg = Release|Any CPU
		{FA6D47F5-B257-4AA9-B290-7F1871B09CF8}.Release|Any CPU.Build.0 = Release|Any CPU
		{308A510E-83C5-4F9B-9A42-454DD0EA47AE}.Debug|Any CPU.ActiveCfg = Debug|Any CPU
		{308A510E-83C5-4F9B-9A42-454DD0EA47AE}.Debug|Any CPU.Build.0 = Debug|Any CPU
		{308A510E-83C5-4F9B-9A42-454DD0EA47AE}.Release|Any CPU.ActiveCfg = Release|Any CPU
		{308A510E-83C5-4F9B-9A42-454DD0EA47AE}.Release|Any CPU.Build.0 = Release|Any CPU
		{E74BFA82-C9EA-45DD-AC0E-EA498EF68CF7}.Debug|Any CPU.ActiveCfg = Debug|Any CPU
		{E74BFA82-C9EA-45DD-AC0E-EA498EF68CF7}.Debug|Any CPU.Build.0 = Debug|Any CPU
		{E74BFA82-C9EA-45DD-AC0E-EA498EF68CF7}.Release|Any CPU.ActiveCfg = Release|Any CPU
		{E74BFA82-C9EA-45DD-AC0E-EA498EF68CF7}.Release|Any CPU.Build.0 = Release|Any CPU
		{BDD60266-8E1A-47F1-ABC7-7113A299883D}.Debug|Any CPU.ActiveCfg = Debug|Any CPU
		{BDD60266-8E1A-47F1-ABC7-7113A299883D}.Debug|Any CPU.Build.0 = Debug|Any CPU
		{BDD60266-8E1A-47F1-ABC7-7113A299883D}.Release|Any CPU.ActiveCfg = Release|Any CPU
		{BDD60266-8E1A-47F1-ABC7-7113A299883D}.Release|Any CPU.Build.0 = Release|Any CPU
		{BF6E9E4E-CFA9-4783-9071-120FCFCAAFA6}.Debug|Any CPU.ActiveCfg = Debug|Any CPU
		{BF6E9E4E-CFA9-4783-9071-120FCFCAAFA6}.Debug|Any CPU.Build.0 = Debug|Any CPU
		{BF6E9E4E-CFA9-4783-9071-120FCFCAAFA6}.Release|Any CPU.ActiveCfg = Release|Any CPU
		{BF6E9E4E-CFA9-4783-9071-120FCFCAAFA6}.Release|Any CPU.Build.0 = Release|Any CPU
		{AB869DFE-1089-47A4-852C-FABD67CD6001}.Debug|Any CPU.ActiveCfg = Debug|Any CPU
		{AB869DFE-1089-47A4-852C-FABD67CD6001}.Debug|Any CPU.Build.0 = Debug|Any CPU
		{AB869DFE-1089-47A4-852C-FABD67CD6001}.Release|Any CPU.ActiveCfg = Release|Any CPU
		{AB869DFE-1089-47A4-852C-FABD67CD6001}.Release|Any CPU.Build.0 = Release|Any CPU
		{B0338174-216C-487F-96BD-68294BD1DEFA}.Debug|Any CPU.ActiveCfg = Debug|Any CPU
		{B0338174-216C-487F-96BD-68294BD1DEFA}.Debug|Any CPU.Build.0 = Debug|Any CPU
		{B0338174-216C-487F-96BD-68294BD1DEFA}.Release|Any CPU.ActiveCfg = Release|Any CPU
		{B0338174-216C-487F-96BD-68294BD1DEFA}.Release|Any CPU.Build.0 = Release|Any CPU
		{5933A310-6908-43DD-B9CC-4F3B353F4491}.Debug|Any CPU.ActiveCfg = Debug|Any CPU
		{5933A310-6908-43DD-B9CC-4F3B353F4491}.Debug|Any CPU.Build.0 = Debug|Any CPU
		{5933A310-6908-43DD-B9CC-4F3B353F4491}.Release|Any CPU.ActiveCfg = Release|Any CPU
		{5933A310-6908-43DD-B9CC-4F3B353F4491}.Release|Any CPU.Build.0 = Release|Any CPU
		{E728A14D-560D-4BA3-A773-B5876C2CE10D}.Debug|Any CPU.ActiveCfg = Debug|Any CPU
		{E728A14D-560D-4BA3-A773-B5876C2CE10D}.Debug|Any CPU.Build.0 = Debug|Any CPU
		{E728A14D-560D-4BA3-A773-B5876C2CE10D}.Release|Any CPU.ActiveCfg = Release|Any CPU
		{E728A14D-560D-4BA3-A773-B5876C2CE10D}.Release|Any CPU.Build.0 = Release|Any CPU
		{52887E8F-EE87-45C9-BF09-564D92A71A3F}.Debug|Any CPU.ActiveCfg = Debug|Any CPU
		{52887E8F-EE87-45C9-BF09-564D92A71A3F}.Debug|Any CPU.Build.0 = Debug|Any CPU
		{52887E8F-EE87-45C9-BF09-564D92A71A3F}.Release|Any CPU.ActiveCfg = Release|Any CPU
		{52887E8F-EE87-45C9-BF09-564D92A71A3F}.Release|Any CPU.Build.0 = Release|Any CPU
		{F4945C5D-C813-48AF-A623-B786B1C861BE}.Debug|Any CPU.ActiveCfg = Debug|Any CPU
		{F4945C5D-C813-48AF-A623-B786B1C861BE}.Debug|Any CPU.Build.0 = Debug|Any CPU
		{F4945C5D-C813-48AF-A623-B786B1C861BE}.Release|Any CPU.ActiveCfg = Release|Any CPU
		{F4945C5D-C813-48AF-A623-B786B1C861BE}.Release|Any CPU.Build.0 = Release|Any CPU
		{CF9B9112-EF00-4ABA-8A93-90DC21B8C8CB}.Debug|Any CPU.ActiveCfg = Debug|Any CPU
		{CF9B9112-EF00-4ABA-8A93-90DC21B8C8CB}.Debug|Any CPU.Build.0 = Debug|Any CPU
		{CF9B9112-EF00-4ABA-8A93-90DC21B8C8CB}.Release|Any CPU.ActiveCfg = Release|Any CPU
		{CF9B9112-EF00-4ABA-8A93-90DC21B8C8CB}.Release|Any CPU.Build.0 = Release|Any CPU
		{8B123EA4-A120-4ADA-8361-D5AD570B6014}.Debug|Any CPU.ActiveCfg = Debug|Any CPU
		{8B123EA4-A120-4ADA-8361-D5AD570B6014}.Debug|Any CPU.Build.0 = Debug|Any CPU
		{8B123EA4-A120-4ADA-8361-D5AD570B6014}.Release|Any CPU.ActiveCfg = Release|Any CPU
		{8B123EA4-A120-4ADA-8361-D5AD570B6014}.Release|Any CPU.Build.0 = Release|Any CPU
		{0885F288-9935-4950-9BE3-FFC82A80740A}.Debug|Any CPU.ActiveCfg = Debug|Any CPU
		{0885F288-9935-4950-9BE3-FFC82A80740A}.Debug|Any CPU.Build.0 = Debug|Any CPU
		{0885F288-9935-4950-9BE3-FFC82A80740A}.Release|Any CPU.ActiveCfg = Release|Any CPU
		{0885F288-9935-4950-9BE3-FFC82A80740A}.Release|Any CPU.Build.0 = Release|Any CPU
		{1A94A50E-06DC-43C1-80B5-B662820EC3EB}.Debug|Any CPU.ActiveCfg = Debug|Any CPU
		{1A94A50E-06DC-43C1-80B5-B662820EC3EB}.Debug|Any CPU.Build.0 = Debug|Any CPU
		{1A94A50E-06DC-43C1-80B5-B662820EC3EB}.Release|Any CPU.ActiveCfg = Release|Any CPU
		{1A94A50E-06DC-43C1-80B5-B662820EC3EB}.Release|Any CPU.Build.0 = Release|Any CPU
		{C956DD76-69C8-4A9C-83EA-D17DF83340FD}.Debug|Any CPU.ActiveCfg = Debug|Any CPU
		{C956DD76-69C8-4A9C-83EA-D17DF83340FD}.Debug|Any CPU.Build.0 = Debug|Any CPU
		{C956DD76-69C8-4A9C-83EA-D17DF83340FD}.Release|Any CPU.ActiveCfg = Release|Any CPU
		{C956DD76-69C8-4A9C-83EA-D17DF83340FD}.Release|Any CPU.Build.0 = Release|Any CPU
		{068855E8-9240-4F1A-910B-CF825794513B}.Debug|Any CPU.ActiveCfg = Debug|Any CPU
		{068855E8-9240-4F1A-910B-CF825794513B}.Debug|Any CPU.Build.0 = Debug|Any CPU
		{068855E8-9240-4F1A-910B-CF825794513B}.Release|Any CPU.ActiveCfg = Release|Any CPU
		{068855E8-9240-4F1A-910B-CF825794513B}.Release|Any CPU.Build.0 = Release|Any CPU
		{50B2631D-129C-47B3-A587-029CCD6099BC}.Debug|Any CPU.ActiveCfg = Debug|Any CPU
		{50B2631D-129C-47B3-A587-029CCD6099BC}.Debug|Any CPU.Build.0 = Debug|Any CPU
		{50B2631D-129C-47B3-A587-029CCD6099BC}.Release|Any CPU.ActiveCfg = Release|Any CPU
		{50B2631D-129C-47B3-A587-029CCD6099BC}.Release|Any CPU.Build.0 = Release|Any CPU
		{5F1B28C6-8D0C-4155-92D0-252F7EA5F674}.Debug|Any CPU.ActiveCfg = Debug|Any CPU
		{5F1B28C6-8D0C-4155-92D0-252F7EA5F674}.Debug|Any CPU.Build.0 = Debug|Any CPU
		{5F1B28C6-8D0C-4155-92D0-252F7EA5F674}.Release|Any CPU.ActiveCfg = Release|Any CPU
		{5F1B28C6-8D0C-4155-92D0-252F7EA5F674}.Release|Any CPU.Build.0 = Release|Any CPU
		{42F719ED-8413-4895-B5B4-5AB56079BC66}.Debug|Any CPU.ActiveCfg = Debug|Any CPU
		{42F719ED-8413-4895-B5B4-5AB56079BC66}.Debug|Any CPU.Build.0 = Debug|Any CPU
		{42F719ED-8413-4895-B5B4-5AB56079BC66}.Release|Any CPU.ActiveCfg = Release|Any CPU
		{42F719ED-8413-4895-B5B4-5AB56079BC66}.Release|Any CPU.Build.0 = Release|Any CPU
		{520659C8-C734-4298-A3DA-B539DB9DFC0B}.Debug|Any CPU.ActiveCfg = Debug|Any CPU
		{520659C8-C734-4298-A3DA-B539DB9DFC0B}.Debug|Any CPU.Build.0 = Debug|Any CPU
		{520659C8-C734-4298-A3DA-B539DB9DFC0B}.Release|Any CPU.ActiveCfg = Release|Any CPU
		{520659C8-C734-4298-A3DA-B539DB9DFC0B}.Release|Any CPU.Build.0 = Release|Any CPU
		{4164BDF7-F527-4E85-9CE6-E3C2D7426A27}.Debug|Any CPU.ActiveCfg = Debug|Any CPU
		{4164BDF7-F527-4E85-9CE6-E3C2D7426A27}.Debug|Any CPU.Build.0 = Debug|Any CPU
		{4164BDF7-F527-4E85-9CE6-E3C2D7426A27}.Release|Any CPU.ActiveCfg = Release|Any CPU
		{4164BDF7-F527-4E85-9CE6-E3C2D7426A27}.Release|Any CPU.Build.0 = Release|Any CPU
		{3B5A0094-670D-4BB1-BFDD-61B88A8773DC}.Debug|Any CPU.ActiveCfg = Debug|Any CPU
		{3B5A0094-670D-4BB1-BFDD-61B88A8773DC}.Debug|Any CPU.Build.0 = Debug|Any CPU
		{3B5A0094-670D-4BB1-BFDD-61B88A8773DC}.Release|Any CPU.ActiveCfg = Release|Any CPU
		{3B5A0094-670D-4BB1-BFDD-61B88A8773DC}.Release|Any CPU.Build.0 = Release|Any CPU
		{1FE30EB9-74A9-47F5-A9F6-7B1FAB672D81}.Debug|Any CPU.ActiveCfg = Debug|Any CPU
		{1FE30EB9-74A9-47F5-A9F6-7B1FAB672D81}.Debug|Any CPU.Build.0 = Debug|Any CPU
		{1FE30EB9-74A9-47F5-A9F6-7B1FAB672D81}.Release|Any CPU.ActiveCfg = Release|Any CPU
		{1FE30EB9-74A9-47F5-A9F6-7B1FAB672D81}.Release|Any CPU.Build.0 = Release|Any CPU
		{91853F21-9CD9-4132-BC29-A7D5D84FFFE7}.Debug|Any CPU.ActiveCfg = Debug|Any CPU
		{91853F21-9CD9-4132-BC29-A7D5D84FFFE7}.Debug|Any CPU.Build.0 = Debug|Any CPU
		{91853F21-9CD9-4132-BC29-A7D5D84FFFE7}.Release|Any CPU.ActiveCfg = Release|Any CPU
		{91853F21-9CD9-4132-BC29-A7D5D84FFFE7}.Release|Any CPU.Build.0 = Release|Any CPU
		{E512F4D9-9375-480F-A2F6-A46509F9D824}.Debug|Any CPU.ActiveCfg = Debug|Any CPU
		{E512F4D9-9375-480F-A2F6-A46509F9D824}.Debug|Any CPU.Build.0 = Debug|Any CPU
		{E512F4D9-9375-480F-A2F6-A46509F9D824}.Release|Any CPU.ActiveCfg = Release|Any CPU
		{E512F4D9-9375-480F-A2F6-A46509F9D824}.Release|Any CPU.Build.0 = Release|Any CPU
		{EF480016-9127-4916-8735-D2466BDBC582}.Debug|Any CPU.ActiveCfg = Debug|Any CPU
		{EF480016-9127-4916-8735-D2466BDBC582}.Debug|Any CPU.Build.0 = Debug|Any CPU
		{EF480016-9127-4916-8735-D2466BDBC582}.Release|Any CPU.ActiveCfg = Release|Any CPU
		{EF480016-9127-4916-8735-D2466BDBC582}.Release|Any CPU.Build.0 = Release|Any CPU
		{AA94D832-1CCC-4715-95A9-A483F23A1A5D}.Debug|Any CPU.ActiveCfg = Debug|Any CPU
		{AA94D832-1CCC-4715-95A9-A483F23A1A5D}.Debug|Any CPU.Build.0 = Debug|Any CPU
		{AA94D832-1CCC-4715-95A9-A483F23A1A5D}.Release|Any CPU.ActiveCfg = Release|Any CPU
		{AA94D832-1CCC-4715-95A9-A483F23A1A5D}.Release|Any CPU.Build.0 = Release|Any CPU
	EndGlobalSection
	GlobalSection(SolutionProperties) = preSolution
		HideSolutionNode = FALSE
	EndGlobalSection
	GlobalSection(NestedProjects) = preSolution
		{41fa72b3-57be-4773-9fca-11c024762923} = {202da66c-5458-43d1-81d8-7fa868e55a5f}
		{95631504-1ff0-4f39-853c-bc376988169e} = {202da66c-5458-43d1-81d8-7fa868e55a5f}
		{d2e40188-6839-4bc8-a823-70e442d3a432} = {202da66c-5458-43d1-81d8-7fa868e55a5f}
		{6d2c3c21-d3ad-44bf-8fa2-83e99cbad504} = {202da66c-5458-43d1-81d8-7fa868e55a5f}
		{861fb42d-a9f2-4c76-b502-d506f55908a5} = {202da66c-5458-43d1-81d8-7fa868e55a5f}
		{5521c48f-98c7-4a44-b535-d66033f6007d} = {c6b336ae-e6e9-4bec-802e-ad347d0f5753}
		{b890f0b5-5d1a-4b2d-85bb-fdbbfc1c3d2b} = {c6b336ae-e6e9-4bec-802e-ad347d0f5753}
		{a7a8ce96-c52d-4350-8b8a-abd9321804b9} = {c6b336ae-e6e9-4bec-802e-ad347d0f5753}
		{da840f8b-d415-48d6-83b6-dacfd959984c} = {c6b336ae-e6e9-4bec-802e-ad347d0f5753}
		{a1502545-4d9a-478e-85d1-ca67a57f53a8} = {c6b336ae-e6e9-4bec-802e-ad347d0f5753}
		{2c68207f-1b35-40ad-bda7-aed7bc8198b4} = {c6b336ae-e6e9-4bec-802e-ad347d0f5753}
		{89537631-2918-4ba4-a699-683a2ddd6ec8} = {c6b336ae-e6e9-4bec-802e-ad347d0f5753}
		{bc1b381c-1a28-4439-a9ab-4c99a48709de} = {c6b336ae-e6e9-4bec-802e-ad347d0f5753}
		{ae5f83bd-bf6b-4543-8047-bf70b1b26a97} = {c6b336ae-e6e9-4bec-802e-ad347d0f5753}
		{202da66c-5458-43d1-81d8-7fa868e55a5f} = {04DBDB01-70F4-4E06-B468-8F87850B22BE}
		{c6b336ae-e6e9-4bec-802e-ad347d0f5753} = {9CE86963-9AEE-48D0-8034-0BE7F50548E7}
		{554AD327-6DBA-4F8F-96F8-81CE7A0C863F} = {CA9AC87F-097E-4F15-8393-4BC07735A5B0}
		{FA6D47F5-B257-4AA9-B290-7F1871B09CF8} = {134B0453-DCDA-448C-8E77-47403A17CC64}
		{308A510E-83C5-4F9B-9A42-454DD0EA47AE} = {134B0453-DCDA-448C-8E77-47403A17CC64}
		{E74BFA82-C9EA-45DD-AC0E-EA498EF68CF7} = {134B0453-DCDA-448C-8E77-47403A17CC64}
		{BDD60266-8E1A-47F1-ABC7-7113A299883D} = {134B0453-DCDA-448C-8E77-47403A17CC64}
		{BF6E9E4E-CFA9-4783-9071-120FCFCAAFA6} = {134B0453-DCDA-448C-8E77-47403A17CC64}
		{AB869DFE-1089-47A4-852C-FABD67CD6001} = {3A8D3758-A1A0-49C5-B665-5786B609849B}
		{B0338174-216C-487F-96BD-68294BD1DEFA} = {3A8D3758-A1A0-49C5-B665-5786B609849B}
		{5933A310-6908-43DD-B9CC-4F3B353F4491} = {3A8D3758-A1A0-49C5-B665-5786B609849B}
		{E728A14D-560D-4BA3-A773-B5876C2CE10D} = {3A8D3758-A1A0-49C5-B665-5786B609849B}
		{52887E8F-EE87-45C9-BF09-564D92A71A3F} = {3A8D3758-A1A0-49C5-B665-5786B609849B}
		{F4945C5D-C813-48AF-A623-B786B1C861BE} = {3A8D3758-A1A0-49C5-B665-5786B609849B}
		{CF9B9112-EF00-4ABA-8A93-90DC21B8C8CB} = {3A8D3758-A1A0-49C5-B665-5786B609849B}
		{8B123EA4-A120-4ADA-8361-D5AD570B6014} = {3A8D3758-A1A0-49C5-B665-5786B609849B}
		{0885F288-9935-4950-9BE3-FFC82A80740A} = {3A8D3758-A1A0-49C5-B665-5786B609849B}
		{134B0453-DCDA-448C-8E77-47403A17CC64} = {04DBDB01-70F4-4E06-B468-8F87850B22BE}
		{3A8D3758-A1A0-49C5-B665-5786B609849B} = {9CE86963-9AEE-48D0-8034-0BE7F50548E7}
		{1A94A50E-06DC-43C1-80B5-B662820EC3EB} = {CA9AC87F-097E-4F15-8393-4BC07735A5B0}
		{C956DD76-69C8-4A9C-83EA-D17DF83340FD} = {CA9AC87F-097E-4F15-8393-4BC07735A5B0}
		{068855E8-9240-4F1A-910B-CF825794513B} = {CA9AC87F-097E-4F15-8393-4BC07735A5B0}
		{50B2631D-129C-47B3-A587-029CCD6099BC} = {04DBDB01-70F4-4E06-B468-8F87850B22BE}
		{5F1B28C6-8D0C-4155-92D0-252F7EA5F674} = {04DBDB01-70F4-4E06-B468-8F87850B22BE}
		{42F719ED-8413-4895-B5B4-5AB56079BC66} = {CA9AC87F-097E-4F15-8393-4BC07735A5B0}
		{520659C8-C734-4298-A3DA-B539DB9DFC0B} = {CA9AC87F-097E-4F15-8393-4BC07735A5B0}
		{4164BDF7-F527-4E85-9CE6-E3C2D7426A27} = {CA9AC87F-097E-4F15-8393-4BC07735A5B0}
		{3B5A0094-670D-4BB1-BFDD-61B88A8773DC} = {CA9AC87F-097E-4F15-8393-4BC07735A5B0}
		{1FE30EB9-74A9-47F5-A9F6-7B1FAB672D81} = {04DBDB01-70F4-4E06-B468-8F87850B22BE}
		{91853F21-9CD9-4132-BC29-A7D5D84FFFE7} = {04DBDB01-70F4-4E06-B468-8F87850B22BE}
		{E512F4D9-9375-480F-A2F6-A46509F9D824} = {04DBDB01-70F4-4E06-B468-8F87850B22BE}
		{EF480016-9127-4916-8735-D2466BDBC582} = {04DBDB01-70F4-4E06-B468-8F87850B22BE}
		{AA94D832-1CCC-4715-95A9-A483F23A1A5D} = {CA9AC87F-097E-4F15-8393-4BC07735A5B0}
	EndGlobalSection
	GlobalSection(ExtensibilityGlobals) = postSolution
		SolutionGuid = {28315BFD-90E7-4E14-A2EA-F3D23AF4126F}
	EndGlobalSection
EndGlobal
